
Microsoft Visual Studio Solution File, Format Version 12.00
# Visual Studio Version 16
VisualStudioVersion = 16.0.29020.237
MinimumVisualStudioVersion = 10.0.40219.1
Project("{FAE04EC0-301F-11D3-BF4B-00C04F79EFBC}") = "DwellingAPI", "DwellingAPI\DwellingAPI.csproj", "{F58C9271-C571-4346-8D90-281B2D89A3CB}"
EndProject
Global
	GlobalSection(SolutionConfigurationPlatforms) = preSolution
		Debug|Any CPU = Debug|Any CPU
		Release|Any CPU = Release|Any CPU
	EndGlobalSection
	GlobalSection(ProjectConfigurationPlatforms) = postSolution
		{F58C9271-C571-4346-8D90-281B2D89A3CB}.Debug|Any CPU.ActiveCfg = Debug|Any CPU
		{F58C9271-C571-4346-8D90-281B2D89A3CB}.Debug|Any CPU.Build.0 = Debug|Any CPU
		{F58C9271-C571-4346-8D90-281B2D89A3CB}.Release|Any CPU.ActiveCfg = Release|Any CPU
		{F58C9271-C571-4346-8D90-281B2D89A3CB}.Release|Any CPU.Build.0 = Release|Any CPU
	EndGlobalSection
	GlobalSection(SolutionProperties) = preSolution
		HideSolutionNode = FALSE
	EndGlobalSection
	GlobalSection(ExtensibilityGlobals) = postSolution
		SolutionGuid = {2D2F955D-42AA-4377-B2A1-37932FEF5797}
	EndGlobalSection
EndGlobal
